
Microsoft Visual Studio Solution File, Format Version 12.00
# Visual Studio 15
VisualStudioVersion = 15.0.27130.2036
MinimumVisualStudioVersion = 10.0.40219.1
Project("{FAE04EC0-301F-11D3-BF4B-00C04F79EFBC}") = "Resx2Xls", "Resx2Xls\Resx2Xls.csproj", "{9A301D6B-D2B5-4C16-8F46-BF7892767FDB}"
EndProject
Project("{FAE04EC0-301F-11D3-BF4B-00C04F79EFBC}") = "UpdateResourcesLabels", "UpdateResourcesLabels\UpdateResourcesLabels.csproj", "{481D7B01-E2C6-4687-81A9-B6EECAD122EF}"
EndProject
Global
	GlobalSection(SolutionConfigurationPlatforms) = preSolution
		Debug|Any CPU = Debug|Any CPU
		Release|Any CPU = Release|Any CPU
	EndGlobalSection
	GlobalSection(ProjectConfigurationPlatforms) = postSolution
		{9A301D6B-D2B5-4C16-8F46-BF7892767FDB}.Debug|Any CPU.ActiveCfg = Debug|Any CPU
		{9A301D6B-D2B5-4C16-8F46-BF7892767FDB}.Debug|Any CPU.Build.0 = Debug|Any CPU
		{9A301D6B-D2B5-4C16-8F46-BF7892767FDB}.Release|Any CPU.ActiveCfg = Release|Any CPU
		{9A301D6B-D2B5-4C16-8F46-BF7892767FDB}.Release|Any CPU.Build.0 = Release|Any CPU
		{481D7B01-E2C6-4687-81A9-B6EECAD122EF}.Debug|Any CPU.ActiveCfg = Debug|Any CPU
		{481D7B01-E2C6-4687-81A9-B6EECAD122EF}.Debug|Any CPU.Build.0 = Debug|Any CPU
		{481D7B01-E2C6-4687-81A9-B6EECAD122EF}.Release|Any CPU.ActiveCfg = Release|Any CPU
		{481D7B01-E2C6-4687-81A9-B6EECAD122EF}.Release|Any CPU.Build.0 = Release|Any CPU
	EndGlobalSection
	GlobalSection(SolutionProperties) = preSolution
		HideSolutionNode = FALSE
	EndGlobalSection
	GlobalSection(ExtensibilityGlobals) = postSolution
		SolutionGuid = {828B117E-A39D-4EFD-A5E6-912F494E85F5}
	EndGlobalSection
EndGlobal
